Microsoft Visual Studio Solution File, Format Version 12.00
# Visual Studio Version 16
VisualStudioVersion = 16.0.29613.14
MinimumVisualStudioVersion = 10.0.40219.1
Project("{FAE04EC0-301F-11D3-BF4B-00C04F79EFBC}") = "O2O.Common", "O2O.Common\O2O.Common.csproj", "{0641AC07-C8F4-4CF7-8D78-F8B7F79A452C}"
EndProject
Project("{FAE04EC0-301F-11D3-BF4B-00C04F79EFBC}") = "O2O.DTO", "O2O.DTO\O2O.DTO.csproj", "{0E41E28D-E545-4B45-A486-98A1E6C9989E}"
EndProject
Project("{FAE04EC0-301F-11D3-BF4B-00C04F79EFBC}") = "O2O.Model", "O2O.Model\O2O.Model.csproj", "{F7821B7E-6FFF-428E-967C-1298B526E412}"
EndProject
Project("{FAE04EC0-301F-11D3-BF4B-00C04F79EFBC}") = "O2O.IService", "O2O.IService\O2O.IService.csproj", "{13CD7485-A21E-4FC6-90A9-A52D3D4D24AA}"
EndProject
Project("{FAE04EC0-301F-11D3-BF4B-00C04F79EFBC}") = "O2O.Api", "O2O.Api\O2O.Api.csproj", "{D15415A1-7E70-4FAB-B3BF-9F4432F977A9}"
EndProject
Project("{FAE04EC0-301F-11D3-BF4B-00C04F79EFBC}") = "O2O.Service", "O2O.Service\O2O.Service.csproj", "{639063CC-DA1D-47D6-A3D6-BC07CE653B02}"
EndProject
Project("{FAE04EC0-301F-11D3-BF4B-00C04F79EFBC}") = "O2O.Web", "O2O.Web\O2O.Web.csproj", "{13DC40E6-E476-4CC8-A776-EA06A05FB1E3}"
EndProject
Project("{FAE04EC0-301F-11D3-BF4B-00C04F79EFBC}") = "O2O.BackgroundJobs", "O2O.BackgroundJobs\O2O.BackgroundJobs.csproj", "{2BDD3891-CFEF-4A44-B224-DD9234A9C392}"
EndProject
Global
	GlobalSection(SolutionConfigurationPlatforms) = preSolution
		Debug|Any CPU = Debug|Any CPU
		Release|Any CPU = Release|Any CPU
	EndGlobalSection
	GlobalSection(ProjectConfigurationPlatforms) = postSolution
		{0641AC07-C8F4-4CF7-8D78-F8B7F79A452C}.Debug|Any CPU.ActiveCfg = Debug|Any CPU
		{0641AC07-C8F4-4CF7-8D78-F8B7F79A452C}.Debug|Any CPU.Build.0 = Debug|Any CPU
		{0641AC07-C8F4-4CF7-8D78-F8B7F79A452C}.Release|Any CPU.ActiveCfg = Release|Any CPU
		{0641AC07-C8F4-4CF7-8D78-F8B7F79A452C}.Release|Any CPU.Build.0 = Release|Any CPU
		{0E41E28D-E545-4B45-A486-98A1E6C9989E}.Debug|Any CPU.ActiveCfg = Debug|Any CPU
		{0E41E28D-E545-4B45-A486-98A1E6C9989E}.Debug|Any CPU.Build.0 = Debug|Any CPU
		{0E41E28D-E545-4B45-A486-98A1E6C9989E}.Release|Any CPU.ActiveCfg = Release|Any CPU
		{0E41E28D-E545-4B45-A486-98A1E6C9989E}.Release|Any CPU.Build.0 = Release|Any CPU
		{F7821B7E-6FFF-428E-967C-1298B526E412}.Debug|Any CPU.ActiveCfg = Debug|Any CPU
		{F7821B7E-6FFF-428E-967C-1298B526E412}.Debug|Any CPU.Build.0 = Debug|Any CPU
		{F7821B7E-6FFF-428E-967C-1298B526E412}.Release|Any CPU.ActiveCfg = Release|Any CPU
		{F7821B7E-6FFF-428E-967C-1298B526E412}.Release|Any CPU.Build.0 = Release|Any CPU
		{13CD7485-A21E-4FC6-90A9-A52D3D4D24AA}.Debug|Any CPU.ActiveCfg = Debug|Any CPU
		{13CD7485-A21E-4FC6-90A9-A52D3D4D24AA}.Debug|Any CPU.Build.0 = Debug|Any CPU
		{13CD7485-A21E-4FC6-90A9-A52D3D4D24AA}.Release|Any CPU.ActiveCfg = Release|Any CPU
		{13CD7485-A21E-4FC6-90A9-A52D3D4D24AA}.Release|Any CPU.Build.0 = Release|Any CPU
		{D15415A1-7E70-4FAB-B3BF-9F4432F977A9}.Debug|Any CPU.ActiveCfg = Debug|Any CPU
		{D15415A1-7E70-4FAB-B3BF-9F4432F977A9}.Debug|Any CPU.Build.0 = Debug|Any CPU
		{D15415A1-7E70-4FAB-B3BF-9F4432F977A9}.Release|Any CPU.ActiveCfg = Release|Any CPU
		{D15415A1-7E70-4FAB-B3BF-9F4432F977A9}.Release|Any CPU.Build.0 = Release|Any CPU
		{639063CC-DA1D-47D6-A3D6-BC07CE653B02}.Debug|Any CPU.ActiveCfg = Debug|Any CPU
		{639063CC-DA1D-47D6-A3D6-BC07CE653B02}.Debug|Any CPU.Build.0 = Debug|Any CPU
		{639063CC-DA1D-47D6-A3D6-BC07CE653B02}.Release|Any CPU.ActiveCfg = Release|Any CPU
		{639063CC-DA1D-47D6-A3D6-BC07CE653B02}.Release|Any CPU.Build.0 = Release|Any CPU
		{13DC40E6-E476-4CC8-A776-EA06A05FB1E3}.Debug|Any CPU.ActiveCfg = Debug|Any CPU
		{13DC40E6-E476-4CC8-A776-EA06A05FB1E3}.Debug|Any CPU.Build.0 = Debug|Any CPU
		{13DC40E6-E476-4CC8-A776-EA06A05FB1E3}.Release|Any CPU.ActiveCfg = Release|Any CPU
		{13DC40E6-E476-4CC8-A776-EA06A05FB1E3}.Release|Any CPU.Build.0 = Release|Any CPU
		{2BDD3891-CFEF-4A44-B224-DD9234A9C392}.Debug|Any CPU.ActiveCfg = Debug|Any CPU
		{2BDD3891-CFEF-4A44-B224-DD9234A9C392}.Debug|Any CPU.Build.0 = Debug|Any CPU
		{2BDD3891-CFEF-4A44-B224-DD9234A9C392}.Release|Any CPU.ActiveCfg = Release|Any CPU
		{2BDD3891-CFEF-4A44-B224-DD9234A9C392}.Release|Any CPU.Build.0 = Release|Any CPU
	EndGlobalSection
	GlobalSection(SolutionProperties) = preSolution
		HideSolutionNode = FALSE
	EndGlobalSection
	GlobalSection(ExtensibilityGlobals) = postSolution
		SolutionGuid = {A724CF78-5B21-4812-998B-36453A41A4A9}
	EndGlobalSection
EndGlobal
